// !$*UTF8*$!
{
	archiveVersion = 1;
	classes = {
	};
	objectVersion = 77;
	objects = {

/* Begin PBXContainerItemProxy section */
		7A4FE8942CEF736C00F62957 /* PBXContainerItemProxy */ = {
			isa = PBXContainerItemProxy;
			containerPortal = 7A4FE87B2CEF736B00F62957 /* Project object */;
			proxyType = 1;
			remoteGlobalIDString = 7A4FE8822CEF736B00F62957;
			remoteInfo = "Swift Weather App";
		};
		7A4FE89E2CEF736C00F62957 /* PBXContainerItemProxy */ = {
			isa = PBXContainerItemProxy;
			containerPortal = 7A4FE87B2CEF736B00F62957 /* Project object */;
			proxyType = 1;
			remoteGlobalIDString = 7A4FE8822CEF736B00F62957;
			remoteInfo = "Swift Weather App";
		};
/* End PBXContainerItemProxy section */

/* Begin PBXFileReference section */
		7AA499252D09841C005FAB0C /* Swift Weather App.app */ = {isa = PBXFileReference; explicitFileType = wrapper.application; includeInIndex = 0; path = "Swift Weather App.app"; sourceTree = BUILT_PRODUCTS_DIR; };
		7AA499262D09841C005FAB0C /* Swift Weather AppTests.xctest */ = {isa = PBXFileReference; explicitFileType = wrapper.cfbundle; includeInIndex = 0; path = "Swift Weather AppTests.xctest"; sourceTree = BUILT_PRODUCTS_DIR; };
		7AA499272D09841C005FAB0C /* Swift Weather AppUITests.xctest */ = {isa = PBXFileReference; explicitFileType = wrapper.cfbundle; includeInIndex = 0; path = "Swift Weather AppUITests.xctest"; sourceTree = BUILT_PRODUCTS_DIR; };
		7AA499512D0AE2B5005FAB0C /* .gitignore */ = {isa = PBXFileReference; lastKnownFileType = text; path = .gitignore; sourceTree = "<group>"; };
		7AA499552D0AE47F005FAB0C /* Config.xcconfig.template */ = {isa = PBXFileReference; lastKnownFileType = text; path = Config.xcconfig.template; sourceTree = "<group>"; };
/* End PBXFileReference section */

/* Begin PBXFileSystemSynchronizedRootGroup section */
		7A4FE8852CEF736B00F62957 /* Swift Weather App */ = {
			isa = PBXFileSystemSynchronizedRootGroup;
			path = "Swift Weather App";
			sourceTree = "<group>";
		};
		7A4FE8962CEF736C00F62957 /* Swift Weather AppTests */ = {
			isa = PBXFileSystemSynchronizedRootGroup;
			path = "Swift Weather AppTests";
			sourceTree = "<group>";
		};
		7A4FE8A02CEF736C00F62957 /* Swift Weather AppUITests */ = {
			isa = PBXFileSystemSynchronizedRootGroup;
			path = "Swift Weather AppUITests";
			sourceTree = "<group>";
		};
/* End PBXFileSystemSynchronizedRootGroup section */

/* Begin PBXFrameworksBuildPhase section */
		7A4FE8802CEF736B00F62957 /* Frameworks */ = {
			isa = PBXFrameworksBuildPhase;
			buildActionMask = 2147483647;
			files = (
			);
			runOnlyForDeploymentPostprocessing = 0;
		};
		7A4FE8902CEF736C00F62957 /* Frameworks */ = {
			isa = PBXFrameworksBuildPhase;
			buildActionMask = 2147483647;
			files = (
			);
			runOnlyForDeploymentPostprocessing = 0;
		};
		7A4FE89A2CEF736C00F62957 /* Frameworks */ = {
			isa = PBXFrameworksBuildPhase;
			buildActionMask = 2147483647;
			files = (
			);
			runOnlyForDeploymentPostprocessing = 0;
		};
/* End PBXFrameworksBuildPhase section */

/* Begin PBXGroup section */
		7A4FE87A2CEF736B00F62957 = {
			isa = PBXGroup;
			children = (
				7AA499542D0AE440005FAB0C /* Config */,
				7AA499512D0AE2B5005FAB0C /* .gitignore */,
				7A4FE8962CEF736C00F62957 /* Swift Weather AppTests */,
				7A4FE8A02CEF736C00F62957 /* Swift Weather AppUITests */,
				7A4FE8852CEF736B00F62957 /* Swift Weather App */,
				7AA499252D09841C005FAB0C /* Swift Weather App.app */,
				7AA499262D09841C005FAB0C /* Swift Weather AppTests.xctest */,
				7AA499272D09841C005FAB0C /* Swift Weather AppUITests.xctest */,
			);
			sourceTree = "<group>";
		};
		7AA499542D0AE440005FAB0C /* Config */ = {
			isa = PBXGroup;
			children = (
				7AA499552D0AE47F005FAB0C /* Config.xcconfig.template */,
			);
			path = Config;
			sourceTree = "<group>";
		};
/* End PBXGroup section */

/* Begin PBXNativeTarget section */
		7A4FE8822CEF736B00F62957 /* Swift Weather App */ = {
			isa = PBXNativeTarget;
			buildConfigurationList = 7A4FE8A72CEF736C00F62957 /* Build configuration list for PBXNativeTarget "Swift Weather App" */;
			buildPhases = (
				7A4FE87F2CEF736B00F62957 /* Sources */,
				7A4FE8802CEF736B00F62957 /* Frameworks */,
				7A4FE8812CEF736B00F62957 /* Resources */,
			);
			buildRules = (
			);
			dependencies = (
			);
			fileSystemSynchronizedGroups = (
				7A4FE8852CEF736B00F62957 /* Swift Weather App */,
			);
			name = "Swift Weather App";
			packageProductDependencies = (
			);
			productName = "Swift Weather App";
			productReference = 7AA499252D09841C005FAB0C /* Swift Weather App.app */;
			productType = "com.apple.product-type.application";
		};
		7A4FE8922CEF736C00F62957 /* Swift Weather AppTests */ = {
			isa = PBXNativeTarget;
			buildConfigurationList = 7A4FE8AA2CEF736C00F62957 /* Build configuration list for PBXNativeTarget "Swift Weather AppTests" */;
			buildPhases = (
				7A4FE88F2CEF736C00F62957 /* Sources */,
				7A4FE8902CEF736C00F62957 /* Frameworks */,
				7A4FE8912CEF736C00F62957 /* Resources */,
			);
			buildRules = (
			);
			dependencies = (
				7A4FE8952CEF736C00F62957 /* PBXTargetDependency */,
			);
			fileSystemSynchronizedGroups = (
				7A4FE8962CEF736C00F62957 /* Swift Weather AppTests */,
			);
			name = "Swift Weather AppTests";
			packageProductDependencies = (
			);
			productName = "Swift Weather AppTests";
			productReference = 7AA499262D09841C005FAB0C /* Swift Weather AppTests.xctest */;
			productType = "com.apple.product-type.bundle.unit-test";
		};
		7A4FE89C2CEF736C00F62957 /* Swift Weather AppUITests */ = {
			isa = PBXNativeTarget;
			buildConfigurationList = 7A4FE8AD2CEF736C00F62957 /* Build configuration list for PBXNativeTarget "Swift Weather AppUITests" */;
			buildPhases = (
				7A4FE8992CEF736C00F62957 /* Sources */,
				7A4FE89A2CEF736C00F62957 /* Frameworks */,
				7A4FE89B2CEF736C00F62957 /* Resources */,
			);
			buildRules = (
			);
			dependencies = (
				7A4FE89F2CEF736C00F62957 /* PBXTargetDependency */,
			);
			fileSystemSynchronizedGroups = (
				7A4FE8A02CEF736C00F62957 /* Swift Weather AppUITests */,
			);
			name = "Swift Weather AppUITests";
			packageProductDependencies = (
			);
			productName = "Swift Weather AppUITests";
			productReference = 7AA499272D09841C005FAB0C /* Swift Weather AppUITests.xctest */;
			productType = "com.apple.product-type.bundle.ui-testing";
		};
/* End PBXNativeTarget section */

/* Begin PBXProject section */
		7A4FE87B2CEF736B00F62957 /* Project object */ = {
			isa = PBXProject;
			attributes = {
				BuildIndependentTargetsInParallel = 1;
				LastSwiftUpdateCheck = 1610;
				LastUpgradeCheck = 1610;
				TargetAttributes = {
					7A4FE8822CEF736B00F62957 = {
						CreatedOnToolsVersion = 16.1;
					};
					7A4FE8922CEF736C00F62957 = {
						CreatedOnToolsVersion = 16.1;
						TestTargetID = 7A4FE8822CEF736B00F62957;
					};
					7A4FE89C2CEF736C00F62957 = {
						CreatedOnToolsVersion = 16.1;
						TestTargetID = 7A4FE8822CEF736B00F62957;
					};
				};
			};
			buildConfigurationList = 7A4FE87E2CEF736B00F62957 /* Build configuration list for PBXProject "Swift Weather App" */;
			developmentRegion = en;
			hasScannedForEncodings = 0;
			knownRegions = (
				en,
				Base,
			);
			mainGroup = 7A4FE87A2CEF736B00F62957;
			minimizedProjectReferenceProxies = 1;
			preferredProjectObjectVersion = 77;
			productRefGroup = 7A4FE87A2CEF736B00F62957;
			projectDirPath = "";
			projectRoot = "";
			targets = (
				7A4FE8822CEF736B00F62957 /* Swift Weather App */,
				7A4FE8922CEF736C00F62957 /* Swift Weather AppTests */,
				7A4FE89C2CEF736C00F62957 /* Swift Weather AppUITests */,
			);
		};
/* End PBXProject section */

/* Begin PBXResourcesBuildPhase section */
		7A4FE8812CEF736B00F62957 /* Resources */ = {
			isa = PBXResourcesBuildPhase;
			buildActionMask = 2147483647;
			files = (
			);
			runOnlyForDeploymentPostprocessing = 0;
		};
		7A4FE8912CEF736C00F62957 /* Resources */ = {
			isa = PBXResourcesBuildPhase;
			buildActionMask = 2147483647;
			files = (
			);
			runOnlyForDeploymentPostprocessing = 0;
		};
		7A4FE89B2CEF736C00F62957 /* Resources */ = {
			isa = PBXResourcesBuildPhase;
			buildActionMask = 2147483647;
			files = (
			);
			runOnlyForDeploymentPostprocessing = 0;
		};
/* End PBXResourcesBuildPhase section */

/* Begin PBXSourcesBuildPhase section */
		7A4FE87F2CEF736B00F62957 /* Sources */ = {
			isa = PBXSourcesBuildPhase;
			buildActionMask = 2147483647;
			files = (
			);
			runOnlyForDeploymentPostprocessing = 0;
		};
		7A4FE88F2CEF736C00F62957 /* Sources */ = {
			isa = PBXSourcesBuildPhase;
			buildActionMask = 2147483647;
			files = (
			);
			runOnlyForDeploymentPostprocessing = 0;
		};
		7A4FE8992CEF736C00F62957 /* Sources */ = {
			isa = PBXSourcesBuildPhase;
			buildActionMask = 2147483647;
			files = (
			);
			runOnlyForDeploymentPostprocessing = 0;
		};
/* End PBXSourcesBuildPhase section */

/* Begin PBXTargetDependency section */
		7A4FE8952CEF736C00F62957 /* PBXTargetDependency */ = {
			isa = PBXTargetDependency;
			target = 7A4FE8822CEF736B00F62957 /* Swift Weather App */;
			targetProxy = 7A4FE8942CEF736C00F62957 /* PBXContainerItemProxy */;
		};
		7A4FE89F2CEF736C00F62957 /* PBXTargetDependency */ = {
			isa = PBXTargetDependency;
			target = 7A4FE8822CEF736B00F62957 /* Swift Weather App */;
			targetProxy = 7A4FE89E2CEF736C00F62957 /* PBXContainerItemProxy */;
		};
/* End PBXTargetDependency section */

/* Begin XCBuildConfiguration section */
		7A4FE8A52CEF736C00F62957 /* Debug */ = {
			isa = XCBuildConfiguration;
			buildSettings = {
				ALWAYS_SEARCH_USER_PATHS = NO;
				ASSETCATALOG_COMPILER_GENERATE_SWIFT_ASSET_SYMBOL_EXTENSIONS = YES;
				CLANG_ANALYZER_NONNULL = YES;
				CLANG_ANALYZER_NUMBER_OBJECT_CONVERSION = YES_AGGRESSIVE;
				CLANG_CXX_LANGUAGE_STANDARD = "gnu++20";
				CLANG_ENABLE_MODULES = YES;
				CLANG_ENABLE_OBJC_ARC = YES;
				CLANG_ENABLE_OBJC_WEAK = YES;
				CLANG_WARN_BLOCK_CAPTURE_AUTORELEASING = YES;
				CLANG_WARN_BOOL_CONVERSION = YES;
				CLANG_WARN_COMMA = YES;
				CLANG_WARN_CONSTANT_CONVERSION = YES;
				CLANG_WARN_DEPRECATED_OBJC_IMPLEMENTATIONS = YES;
				CLANG_WARN_DIRECT_OBJC_ISA_USAGE = YES_ERROR;
				CLANG_WARN_DOCUMENTATION_COMMENTS = YES;
				CLANG_WARN_EMPTY_BODY = YES;
				CLANG_WARN_ENUM_CONVERSION = YES;
				CLANG_WARN_INFINITE_RECURSION = YES;
				CLANG_WARN_INT_CONVERSION = YES;
				CLANG_WARN_NON_LITERAL_NULL_CONVERSION = YES;
				CLANG_WARN_OBJC_IMPLICIT_RETAIN_SELF = YES;
				CLANG_WARN_OBJC_LITERAL_CONVERSION = YES;
				CLANG_WARN_OBJC_ROOT_CLASS = YES_ERROR;
				CLANG_WARN_QUOTED_INCLUDE_IN_FRAMEWORK_HEADER = YES;
				CLANG_WARN_RANGE_LOOP_ANALYSIS = YES;
				CLANG_WARN_STRICT_PROTOTYPES = YES;
				CLANG_WARN_SUSPICIOUS_MOVE = YES;
				CLANG_WARN_UNGUARDED_AVAILABILITY = YES_AGGRESSIVE;
				CLANG_WARN_UNREACHABLE_CODE = YES;
				CLANG_WARN__DUPLICATE_METHOD_MATCH = YES;
				COPY_PHASE_STRIP = NO;
				DEBUG_INFORMATION_FORMAT = dwarf;
				ENABLE_STRICT_OBJC_MSGSEND = YES;
				ENABLE_TESTABILITY = YES;
				ENABLE_USER_SCRIPT_SANDBOXING = YES;
				GCC_C_LANGUAGE_STANDARD = gnu17;
				GCC_DYNAMIC_NO_PIC = NO;
				GCC_NO_COMMON_BLOCKS = YES;
				GCC_OPTIMIZATION_LEVEL = 0;
				GCC_PREPROCESSOR_DEFINITIONS = (
					"DEBUG=1",
					"$(inherited)",
				);
				GCC_WARN_64_TO_32_BIT_CONVERSION = YES;
				GCC_WARN_ABOUT_RETURN_TYPE = YES_ERROR;
				GCC_WARN_UNDECLARED_SELECTOR = YES;
				GCC_WARN_UNINITIALIZED_AUTOS = YES_AGGRESSIVE;
				GCC_WARN_UNUSED_FUNCTION = YES;
				GCC_WARN_UNUSED_VARIABLE = YES;
				IPHONEOS_DEPLOYMENT_TARGET = 18.1;
				LOCALIZATION_PREFERS_STRING_CATALOGS = YES;
				MTL_ENABLE_DEBUG_INFO = INCLUDE_SOURCE;
				MTL_FAST_MATH = YES;
				ONLY_ACTIVE_ARCH = YES;
				SDKROOT = iphoneos;
				SWIFT_ACTIVE_COMPILATION_CONDITIONS = "DEBUG $(inherited)";
				SWIFT_OPTIMIZATION_LEVEL = "-Onone";
			};
			name = Debug;
		};
		7A4FE8A62CEF736C00F62957 /* Release */ = {
			isa = XCBuildConfiguration;
			buildSettings = {
				ALWAYS_SEARCH_USER_PATHS = NO;
				ASSETCATALOG_COMPILER_GENERATE_SWIFT_ASSET_SYMBOL_EXTENSIONS = YES;
				CLANG_ANALYZER_NONNULL = YES;
				CLANG_ANALYZER_NUMBER_OBJECT_CONVERSION = YES_AGGRESSIVE;
				CLANG_CXX_LANGUAGE_STANDARD = "gnu++20";
				CLANG_ENABLE_MODULES = YES;
				CLANG_ENABLE_OBJC_ARC = YES;
				CLANG_ENABLE_OBJC_WEAK = YES;
				CLANG_WARN_BLOCK_CAPTURE_AUTORELEASING = YES;
				CLANG_WARN_BOOL_CONVERSION = YES;
				CLANG_WARN_COMMA = YES;
				CLANG_WARN_CONSTANT_CONVERSION = YES;
				CLANG_WARN_DEPRECATED_OBJC_IMPLEMENTATIONS = YES;
				CLANG_WARN_DIRECT_OBJC_ISA_USAGE = YES_ERROR;
				CLANG_WARN_DOCUMENTATION_COMMENTS = YES;
				CLANG_WARN_EMPTY_BODY = YES;
				CLANG_WARN_ENUM_CONVERSION = YES;
				CLANG_WARN_INFINITE_RECURSION = YES;
				CLANG_WARN_INT_CONVERSION = YES;
				CLANG_WARN_NON_LITERAL_NULL_CONVERSION = YES;
				CLANG_WARN_OBJC_IMPLICIT_RETAIN_SELF = YES;
				CLANG_WARN_OBJC_LITERAL_CONVERSION = YES;
				CLANG_WARN_OBJC_ROOT_CLASS = YES_ERROR;
				CLANG_WARN_QUOTED_INCLUDE_IN_FRAMEWORK_HEADER = YES;
				CLANG_WARN_RANGE_LOOP_ANALYSIS = YES;
				CLANG_WARN_STRICT_PROTOTYPES = YES;
				CLANG_WARN_SUSPICIOUS_MOVE = YES;
				CLANG_WARN_UNGUARDED_AVAILABILITY = YES_AGGRESSIVE;
				CLANG_WARN_UNREACHABLE_CODE = YES;
				CLANG_WARN__DUPLICATE_METHOD_MATCH = YES;
				COPY_PHASE_STRIP = NO;
				DEBUG_INFORMATION_FORMAT = "dwarf-with-dsym";
				ENABLE_NS_ASSERTIONS = NO;
				ENABLE_STRICT_OBJC_MSGSEND = YES;
				ENABLE_USER_SCRIPT_SANDBOXING = YES;
				GCC_C_LANGUAGE_STANDARD = gnu17;
				GCC_NO_COMMON_BLOCKS = YES;
				GCC_WARN_64_TO_32_BIT_CONVERSION = YES;
				GCC_WARN_ABOUT_RETURN_TYPE = YES_ERROR;
				GCC_WARN_UNDECLARED_SELECTOR = YES;
				GCC_WARN_UNINITIALIZED_AUTOS = YES_AGGRESSIVE;
				GCC_WARN_UNUSED_FUNCTION = YES;
				GCC_WARN_UNUSED_VARIABLE = YES;
				IPHONEOS_DEPLOYMENT_TARGET = 18.1;
				LOCALIZATION_PREFERS_STRING_CATALOGS = YES;
				MTL_ENABLE_DEBUG_INFO = NO;
				MTL_FAST_MATH = YES;
				SDKROOT = iphoneos;
				SWIFT_COMPILATION_MODE = wholemodule;
				VALIDATE_PRODUCT = YES;
			};
			name = Release;
		};
		7A4FE8A82CEF736C00F62957 /* Debug */ = {
			isa = XCBuildConfiguration;
			buildSettings = {
				ASSETCATALOG_COMPILER_APPICON_NAME = AppIcon;
				ASSETCATALOG_COMPILER_GLOBAL_ACCENT_COLOR_NAME = AccentColor;
				CODE_SIGN_STYLE = Automatic;
				CURRENT_PROJECT_VERSION = 1;
				DEVELOPMENT_ASSET_PATHS = "\"Swift Weather App/Preview Content\"";
				DEVELOPMENT_TEAM = TE487R478V;
				ENABLE_PREVIEWS = YES;
				GENERATE_INFOPLIST_FILE = YES;
				INFOPLIST_KEY_UIApplicationSceneManifest_Generation = YES;
				INFOPLIST_KEY_UIApplicationSupportsIndirectInputEvents = YES;
				INFOPLIST_KEY_UILaunchScreen_Generation = YES;
				INFOPLIST_KEY_UISupportedInterfaceOrientations_iPad = "UIInterfaceOrientationPortrait UIInterfaceOrientationPortraitUpsideDown UIInterfaceOrientationLandscapeLeft UIInterfaceOrientationLandscapeRight";
				INFOPLIST_KEY_UISupportedInterfaceOrientations_iPhone = "UIInterfaceOrientationPortrait UIInterfaceOrientationLandscapeLeft UIInterfaceOrientationLandscapeRight";
				LD_RUNPATH_SEARCH_PATHS = (
					"$(inherited)",
					"@executable_path/Frameworks",
				);
				MARKETING_VERSION = 1.0;
				PRODUCT_BUNDLE_IDENTIFIER = "MAD9137.Swift-Weather-App";
				PRODUCT_NAME = "$(TARGET_NAME)";
				SWIFT_EMIT_LOC_STRINGS = YES;
				SWIFT_VERSION = 5.0;
				TARGETED_DEVICE_FAMILY = "1,2";
			};
			name = Debug;
		};
		7A4FE8A92CEF736C00F62957 /* Release */ = {
			isa = XCBuildConfiguration;
			buildSettings = {
				ASSETCATALOG_COMPILER_APPICON_NAME = AppIcon;
				ASSETCATALOG_COMPILER_GLOBAL_ACCENT_COLOR_NAME = AccentColor;
				CODE_SIGN_STYLE = Automatic;
				CURRENT_PROJECT_VERSION = 1;
				DEVELOPMENT_ASSET_PATHS = "\"Swift Weather App/Preview Content\"";
				DEVELOPMENT_TEAM = TE487R478V;
				ENABLE_PREVIEWS = YES;
				GENERATE_INFOPLIST_FILE = YES;
				INFOPLIST_KEY_UIApplicationSceneManifest_Generation = YES;
				INFOPLIST_KEY_UIApplicationSupportsIndirectInputEvents = YES;
				INFOPLIST_KEY_UILaunchScreen_Generation = YES;
				INFOPLIST_KEY_UISupportedInterfaceOrientations_iPad = "UIInterfaceOrientationPortrait UIInterfaceOrientationPortraitUpsideDown UIInterfaceOrientationLandscapeLeft UIInterfaceOrientationLandscapeRight";
				INFOPLIST_KEY_UISupportedInterfaceOrientations_iPhone = "UIInterfaceOrientationPortrait UIInterfaceOrientationLandscapeLeft UIInterfaceOrientationLandscapeRight";
				LD_RUNPATH_SEARCH_PATHS = (
					"$(inherited)",
					"@executable_path/Frameworks",
				);
				MARKETING_VERSION = 1.0;
				PRODUCT_BUNDLE_IDENTIFIER = "MAD9137.Swift-Weather-App";
				PRODUCT_NAME = "$(TARGET_NAME)";
				SWIFT_EMIT_LOC_STRINGS = YES;
				SWIFT_VERSION = 5.0;
				TARGETED_DEVICE_FAMILY = "1,2";
			};
			name = Release;
		};
		7A4FE8AB2CEF736C00F62957 /* Debug */ = {
			isa = XCBuildConfiguration;
			buildSettings = {
				BUNDLE_LOADER = "$(TEST_HOST)";
				CODE_SIGN_STYLE = Automatic;
				CURRENT_PROJECT_VERSION = 1;
				DEVELOPMENT_TEAM = TE487R478V;
				GENERATE_INFOPLIST_FILE = YES;
				IPHONEOS_DEPLOYMENT_TARGET = 18.1;
				MARKETING_VERSION = 1.0;
				PRODUCT_BUNDLE_IDENTIFIER = "MAD9137.Swift-Weather-AppTests";
				PRODUCT_NAME = "$(TARGET_NAME)";
				SWIFT_EMIT_LOC_STRINGS = NO;
				SWIFT_VERSION = 5.0;
				TARGETED_DEVICE_FAMILY = "1,2";
				TEST_HOST = "$(BUILT_PRODUCTS_DIR)/Swift Weather App.app/$(BUNDLE_EXECUTABLE_FOLDER_PATH)/Swift Weather App";
			};
			name = Debug;
		};
		7A4FE8AC2CEF736C00F62957 /* Release */ = {
			isa = XCBuildConfiguration;
			buildSettings = {
				BUNDLE_LOADER = "$(TEST_HOST)";
				CODE_SIGN_STYLE = Automatic;
				CURRENT_PROJECT_VERSION = 1;
				DEVELOPMENT_TEAM = TE487R478V;
				GENERATE_INFOPLIST_FILE = YES;
				IPHONEOS_DEPLOYMENT_TARGET = 18.1;
				MARKETING_VERSION = 1.0;
				PRODUCT_BUNDLE_IDENTIFIER = "MAD9137.Swift-Weather-AppTests";
				PRODUCT_NAME = "$(TARGET_NAME)";
				SWIFT_EMIT_LOC_STRINGS = NO;
				SWIFT_VERSION = 5.0;
				TARGETED_DEVICE_FAMILY = "1,2";
				TEST_HOST = "$(BUILT_PRODUCTS_DIR)/Swift Weather App.app/$(BUNDLE_EXECUTABLE_FOLDER_PATH)/Swift Weather App";
			};
			name = Release;
		};
		7A4FE8AE2CEF736C00F62957 /* Debug */ = {
			isa = XCBuildConfiguration;
			buildSettings = {
				CODE_SIGN_STYLE = Automatic;
				CURRENT_PROJECT_VERSION = 1;
				DEVELOPMENT_TEAM = TE487R478V;
				GENERATE_INFOPLIST_FILE = YES;
				MARKETING_VERSION = 1.0;
				PRODUCT_BUNDLE_IDENTIFIER = "MAD9137.Swift-Weather-AppUITests";
				PRODUCT_NAME = "$(TARGET_NAME)";
				SWIFT_EMIT_LOC_STRINGS = NO;
				SWIFT_VERSION = 5.0;
				TARGETED_DEVICE_FAMILY = "1,2";
				TEST_TARGET_NAME = "Swift Weather App";
			};
			name = Debug;
		};
		7A4FE8AF2CEF736C00F62957 /* Release */ = {
			isa = XCBuildConfiguration;
			buildSettings = {
				CODE_SIGN_STYLE = Automatic;
				CURRENT_PROJECT_VERSION = 1;
				DEVELOPMENT_TEAM = TE487R478V;
				GENERATE_INFOPLIST_FILE = YES;
				MARKETING_VERSION = 1.0;
				PRODUCT_BUNDLE_IDENTIFIER = "MAD9137.Swift-Weather-AppUITests";
				PRODUCT_NAME = "$(TARGET_NAME)";
				SWIFT_EMIT_LOC_STRINGS = NO;
				SWIFT_VERSION = 5.0;
				TARGETED_DEVICE_FAMILY = "1,2";
				TEST_TARGET_NAME = "Swift Weather App";
			};
			name = Release;
		};
/* End XCBuildConfiguration section */

/* Begin XCConfigurationList section */
		7A4FE87E2CEF736B00F62957 /* Build configuration list for PBXProject "Swift Weather App" */ = {
			isa = XCConfigurationList;
			buildConfigurations = (
				7A4FE8A52CEF736C00F62957 /* Debug */,
				7A4FE8A62CEF736C00F62957 /* Release */,
			);
			defaultConfigurationIsVisible = 0;
			defaultConfigurationName = Release;
		};
		7A4FE8A72CEF736C00F62957 /* Build configuration list for PBXNativeTarget "Swift Weather App" */ = {
			isa = XCConfigurationList;
			buildConfigurations = (
				7A4FE8A82CEF736C00F62957 /* Debug */,
				7A4FE8A92CEF736C00F62957 /* Release */,
			);
			defaultConfigurationIsVisible = 0;
			defaultConfigurationName = Release;
		};
		7A4FE8AA2CEF736C00F62957 /* Build configuration list for PBXNativeTarget "Swift Weather AppTests" */ = {
			isa = XCConfigurationList;
			buildConfigurations = (
				7A4FE8AB2CEF736C00F62957 /* Debug */,
				7A4FE8AC2CEF736C00F62957 /* Release */,
			);
			defaultConfigurationIsVisible = 0;
			defaultConfigurationName = Release;
		};
		7A4FE8AD2CEF736C00F62957 /* Build configuration list for PBXNativeTarget "Swift Weather AppUITests" */ = {
			isa = XCConfigurationList;
			buildConfigurations = (
				7A4FE8AE2CEF736C00F62957 /* Debug */,
				7A4FE8AF2CEF736C00F62957 /* Release */,
			);
			defaultConfigurationIsVisible = 0;
			defaultConfigurationName = Release;
		};
/* End XCConfigurationList section */
	};
	rootObject = 7A4FE87B2CEF736B00F62957 /* Project object */;
}
